
Microsoft Visual Studio Solution File, Format Version 12.00
# Visual Studio Version 17
VisualStudioVersion = 17.4.33205.214
MinimumVisualStudioVersion = 10.0.40219.1
Project("{FAE04EC0-301F-11D3-BF4B-00C04F79EFBC}") = "Backend", "Backend\Backend.csproj", "{3014BA9E-DA9C-475F-80FE-B7DE7044BA17}"
EndProject
Project("{00D1A9C2-B5F0-4AF3-8072-F6C62B433612}") = "Dictionary", "Dictionary\Dictionary.sqlproj", "{950D3656-24EC-4FB7-8D2D-1836E5A57BB2}"
EndProject
Project("{54A90642-561A-4BB1-A94E-469ADEE60C69}") = "frontend", "..\Frontend\frontend.esproj", "{41521358-57D3-4DDA-AA20-05EBB2809D5F}"
EndProject
Global
	GlobalSection(SolutionConfigurationPlatforms) = preSolution
		Debug|Any CPU = Debug|Any CPU
		Release|Any CPU = Release|Any CPU
	EndGlobalSection
	GlobalSection(ProjectConfigurationPlatforms) = postSolution
		{3014BA9E-DA9C-475F-80FE-B7DE7044BA17}.Debug|Any CPU.ActiveCfg = Debug|Any CPU
		{3014BA9E-DA9C-475F-80FE-B7DE7044BA17}.Debug|Any CPU.Build.0 = Debug|Any CPU
		{3014BA9E-DA9C-475F-80FE-B7DE7044BA17}.Release|Any CPU.ActiveCfg = Release|Any CPU
		{3014BA9E-DA9C-475F-80FE-B7DE7044BA17}.Release|Any CPU.Build.0 = Release|Any CPU
		{950D3656-24EC-4FB7-8D2D-1836E5A57BB2}.Debug|Any CPU.ActiveCfg = Debug|Any CPU
		{950D3656-24EC-4FB7-8D2D-1836E5A57BB2}.Debug|Any CPU.Build.0 = Debug|Any CPU
		{950D3656-24EC-4FB7-8D2D-1836E5A57BB2}.Debug|Any CPU.Deploy.0 = Debug|Any CPU
		{950D3656-24EC-4FB7-8D2D-1836E5A57BB2}.Release|Any CPU.ActiveCfg = Release|Any CPU
		{950D3656-24EC-4FB7-8D2D-1836E5A57BB2}.Release|Any CPU.Build.0 = Release|Any CPU
		{950D3656-24EC-4FB7-8D2D-1836E5A57BB2}.Release|Any CPU.Deploy.0 = Release|Any CPU
		{41521358-57D3-4DDA-AA20-05EBB2809D5F}.Debug|Any CPU.ActiveCfg = Debug|Any CPU
		{41521358-57D3-4DDA-AA20-05EBB2809D5F}.Debug|Any CPU.Build.0 = Debug|Any CPU
		{41521358-57D3-4DDA-AA20-05EBB2809D5F}.Debug|Any CPU.Deploy.0 = Debug|Any CPU
		{41521358-57D3-4DDA-AA20-05EBB2809D5F}.Release|Any CPU.ActiveCfg = Release|Any CPU
		{41521358-57D3-4DDA-AA20-05EBB2809D5F}.Release|Any CPU.Build.0 = Release|Any CPU
		{41521358-57D3-4DDA-AA20-05EBB2809D5F}.Release|Any CPU.Deploy.0 = Release|Any CPU
	EndGlobalSection
	GlobalSection(SolutionProperties) = preSolution
		HideSolutionNode = FALSE
	EndGlobalSection
	GlobalSection(ExtensibilityGlobals) = postSolution
		SolutionGuid = {0181BC2F-3FC2-4C48-AF02-E366E741D914}
	EndGlobalSection
EndGlobal
